
Microsoft Visual Studio Solution File, Format Version 12.00
# Visual Studio Version 17
VisualStudioVersion = 17.7.34009.444
MinimumVisualStudioVersion = 10.0.40219.1
Project("{FAE04EC0-301F-11D3-BF4B-00C04F79EFBC}") = "ColorMixer_Fall23", "ColorMixer_Fall23.csproj", "{C26AE14C-60B4-4565-B590-80FD5104B47D}"
EndProject
Global
	GlobalSection(SolutionConfigurationPlatforms) = preSolution
		Debug|Any CPU = Debug|Any CPU
		Release|Any CPU = Release|Any CPU
	EndGlobalSection
	GlobalSection(ProjectConfigurationPlatforms) = postSolution
		{C26AE14C-60B4-4565-B590-80FD5104B47D}.Debug|Any CPU.ActiveCfg = Debug|Any CPU
		{C26AE14C-60B4-4565-B590-80FD5104B47D}.Debug|Any CPU.Build.0 = Debug|Any CPU
		{C26AE14C-60B4-4565-B590-80FD5104B47D}.Release|Any CPU.ActiveCfg = Release|Any CPU
		{C26AE14C-60B4-4565-B590-80FD5104B47D}.Release|Any CPU.Build.0 = Release|Any CPU
	EndGlobalSection
	GlobalSection(SolutionProperties) = preSolution
		HideSolutionNode = FALSE
	EndGlobalSection
	GlobalSection(ExtensibilityGlobals) = postSolution
		SolutionGuid = {C5609EEA-249F-48D4-8CBD-50BAE72CDF95}
	EndGlobalSection
EndGlobal
